<?xml version="1.0" encoding="utf-8"?>
<Project ToolsVersion="4.0" xmlns="http://schemas.microsoft.com/developer/msbuild/2003">
  <ItemGroup>
    <Filter Include="Source Files">
      <UniqueIdentifier>{4FC737F1-C7A5-4376-A066-2A32D752A2FF}</UniqueIdentifier>
      <Extensions>cpp;c;cc;cxx;def;odl;idl;hpj;bat;asm;asmx</Extensions>
    </Filter>
    <Filter Include="Header Files">
      <UniqueIdentifier>{93995380-89BD-4b04-88EB-625FBE52EBFB}</UniqueIdentifier>
      <Extensions>h;hpp;hxx;hm;inl;inc;xsd</Extensions>
    </Filter>
    <Filter Include="Resource Files">
      <UniqueIdentifier>{67DA6AB6-F800-4c08-8B7A-83BB121AAD01}</UniqueIdentifier>
      <Extensions>rc;ico;cur;bmp;dlg;rc2;rct;bin;rgs;gif;jpg;jpeg;jpe;resx;tiff;tif;png;wav;mfcribbon-ms</Extensions>
    </Filter>
  </ItemGroup>
  <ItemGroup>
    <ClInclude Include="include\engine\engine.h">
      <Filter>Header Files</Filter>
    </ClInclude>
    <ClInclude Include="include\engine\tilemap.h">
      <Filter>Header Files</Filter>
    </ClInclude>
    <ClInclude Include="include\engine\platform.h">
      <Filter>Header Files</Filter>
    </ClInclude>
    <ClInclude Include="include\engine\sprite.h">
      <Filter>Header Files</Filter>
    </ClInclude>
    <ClInclude Include="include\engine\tile.h">
      <Filter>Header Files</Filter>
    </ClInclude>
    <ClInclude Include="include\player.h">
      <Filter>Header Files</Filter>
    </ClInclude>
    <ClInclude Include="include\world.h">
      <Filter>Header Files</Filter>
    </ClInclude>
    <ClInclude Include="include\engine\bitmap.h">
      <Filter>Header Files</Filter>
    </ClInclude>
    <ClInclude Include="include\engine\sound.h">
      <Filter>Header Files</Filter>
    </ClInclude>
    <ClInclude Include="include\engine\game.h">
      <Filter>Header Files</Filter>
    </ClInclude>
    <ClInclude Include="include\engine\animation.h">
      <Filter>Header Files</Filter>
    </ClInclude>
<<<<<<< HEAD
<<<<<<< HEAD
    <ClInclude Include="include\engine\stage.h">
      <Filter>Header Files</Filter>
    </ClInclude>
    <ClInclude Include="include\engine\displaylist.h">
=======
=======
>>>>>>> origin/master
    <ClInclude Include="include\engine\displaylist.h">
      <Filter>Header Files</Filter>
    </ClInclude>
    <ClInclude Include="include\engine\stage.h">
<<<<<<< HEAD
>>>>>>> origin/master
=======
>>>>>>> origin/master
      <Filter>Header Files</Filter>
    </ClInclude>
  </ItemGroup>
  <ItemGroup>
    <ClCompile Include="src\world\world.cpp">
      <Filter>Source Files</Filter>
    </ClCompile>
    <ClCompile Include="src\entity\player.cpp">
      <Filter>Source Files</Filter>
    </ClCompile>
    <ClCompile Include="src\engine\engine.cpp">
      <Filter>Source Files</Filter>
    </ClCompile>
    <ClCompile Include="src\engine\graphics\sprite.cpp">
      <Filter>Source Files</Filter>
    </ClCompile>
    <ClCompile Include="src\engine\graphics\tile.cpp">
      <Filter>Source Files</Filter>
    </ClCompile>
    <ClCompile Include="src\engine\graphics\tilemap.cpp">
      <Filter>Source Files</Filter>
    </ClCompile>
    <ClCompile Include="src\engine\resources\bitmap.cpp">
      <Filter>Source Files</Filter>
    </ClCompile>
    <ClCompile Include="src\engine\resources\sound.cpp">
      <Filter>Source Files</Filter>
    </ClCompile>
    <ClCompile Include="src\engine\game\game.cpp">
      <Filter>Source Files</Filter>
    </ClCompile>
    <ClCompile Include="src\engine\graphics\displaylist.cpp">
      <Filter>Source Files</Filter>
    </ClCompile>
  </ItemGroup>
</Project>